{
  "name": "darkroom",
  "version": "0.0.0",
  "dependencies": {
    "con.figure": {
      "version": "0.0.0",
      "from": "con.figure@~0.0.0",
      "resolved": "https://registry.npmjs.org/con.figure/-/con.figure-0.0.0.tgz"
    },
    "readable-stream": {
      "version": "0.3.1",
      "from": "readable-stream@~0.3.1",
      "resolved": "https://registry.npmjs.org/readable-stream/-/readable-stream-0.3.1.tgz"
    },
    "gm": {
      "version": "1.9.0",
      "from": "gm@1.9.0",
      "resolved": "https://registry.npmjs.org/gm/-/gm-1.9.0.tgz",
      "dependencies": {
        "debug": {
          "version": "0.7.0",
          "from": "debug@0.7.0",
          "resolved": "https://registry.npmjs.org/debug/-/debug-0.7.0.tgz"
        },
        "array-series": {
          "version": "0.1.2",
          "from": "array-series@~0.1.0",
          "resolved": "https://registry.npmjs.org/array-series/-/array-series-0.1.2.tgz"
        },
        "array-parallel": {
          "version": "0.1.1",
          "from": "array-parallel@~0.1.0",
          "resolved": "https://registry.npmjs.org/array-parallel/-/array-parallel-0.1.1.tgz"
        },
        "through": {
          "version": "2.3.4",
          "from": "through@~2.3.1",
          "resolved": "https://registry.npmjs.org/through/-/through-2.3.4.tgz"
        }
      }
    },
    "lodash": {
      "version": "1.2.0",
      "from": "lodash@1.2.0",
      "resolved": "https://registry.npmjs.org/lodash/-/lodash-1.2.0.tgz"
    },
    "async": {
      "version": "0.2.8",
      "from": "async@~0.2.5",
      "resolved": "https://registry.npmjs.org/async/-/async-0.2.8.tgz"
    },
    "mkdirp": {
      "version": "0.3.5",
      "from": "mkdirp@~0.3.5",
      "resolved": "https://registry.npmjs.org/mkdirp/-/mkdirp-0.3.5.tgz"
    },
    "should": {
      "version": "1.2.2",
      "from": "should@*",
      "resolved": "https://registry.npmjs.org/should/-/should-1.2.2.tgz"
    },
    "temp": {
      "version": "0.5.0",
      "from": "temp@~0.5.0",
      "resolved": "https://registry.npmjs.org/temp/-/temp-0.5.0.tgz"
    },
    "mocha": {
      "version": "1.8.2",
      "from": "mocha@~1.8.1",
      "resolved": "https://registry.npmjs.org/mocha/-/mocha-1.8.2.tgz",
      "dependencies": {
        "commander": {
          "version": "0.6.1",
          "from": "commander@0.6.1",
          "resolved": "https://registry.npmjs.org/commander/-/commander-0.6.1.tgz"
        },
        "growl": {
          "version": "1.7.0",
          "from": "growl@1.7.x",
          "resolved": "https://registry.npmjs.org/growl/-/growl-1.7.0.tgz"
        },
        "jade": {
          "version": "0.26.3",
          "from": "jade@0.26.3",
          "resolved": "https://registry.npmjs.org/jade/-/jade-0.26.3.tgz",
          "dependencies": {
            "mkdirp": {
              "version": "0.3.0",
              "from": "mkdirp@0.3.0",
              "resolved": "https://registry.npmjs.org/mkdirp/-/mkdirp-0.3.0.tgz"
            }
          }
        },
        "diff": {
          "version": "1.0.2",
          "from": "diff@1.0.2",
          "resolved": "https://registry.npmjs.org/diff/-/diff-1.0.2.tgz"
        },
        "debug": {
          "version": "0.7.2",
          "from": "debug@*",
          "resolved": "https://registry.npmjs.org/debug/-/debug-0.7.2.tgz"
        },
        "mkdirp": {
          "version": "0.3.3",
          "from": "mkdirp@0.3.3",
          "resolved": "https://registry.npmjs.org/mkdirp/-/mkdirp-0.3.3.tgz"
        },
        "ms": {
          "version": "0.3.0",
          "from": "ms@0.3.0",
          "resolved": "https://registry.npmjs.org/ms/-/ms-0.3.0.tgz"
        }
      }
    },
    "pliers": {
      "version": "0.1.8",
      "from": "pliers@*",
      "resolved": "https://registry.npmjs.org/pliers/-/pliers-0.1.8.tgz",
      "dependencies": {
        "glob": {
          "version": "3.1.21",
          "from": "glob@~3.1",
          "resolved": "https://registry.npmjs.org/glob/-/glob-3.1.21.tgz",
          "dependencies": {
            "minimatch": {
              "version": "0.2.12",
              "from": "minimatch@~0.2.11",
              "resolved": "https://registry.npmjs.org/minimatch/-/minimatch-0.2.12.tgz",
              "dependencies": {
                "lru-cache": {
                  "version": "2.3.0",
                  "from": "lru-cache@2",
                  "resolved": "https://registry.npmjs.org/lru-cache/-/lru-cache-2.3.0.tgz"
                },
                "sigmund": {
                  "version": "1.0.0",
                  "from": "sigmund@~1.0.0",
                  "resolved": "https://registry.npmjs.org/sigmund/-/sigmund-1.0.0.tgz"
                }
              }
            },
            "graceful-fs": {
              "version": "1.2.1",
              "from": "graceful-fs@~1.2.0",
              "resolved": "https://registry.npmjs.org/graceful-fs/-/graceful-fs-1.2.1.tgz"
            },
            "inherits": {
              "version": "1.0.0",
              "from": "inherits@1",
              "resolved": "https://registry.npmjs.org/inherits/-/inherits-1.0.0.tgz"
            }
          }
        },
        "commander": {
          "version": "1.1.1",
          "from": "commander@~1.1",
          "resolved": "https://registry.npmjs.org/commander/-/commander-1.1.1.tgz",
          "dependencies": {
            "keypress": {
              "version": "0.1.0",
              "from": "keypress@0.1.x",
              "resolved": "https://registry.npmjs.org/keypress/-/keypress-0.1.0.tgz"
            }
          }
        },
        "rimraf": {
          "version": "2.1.4",
          "from": "rimraf@2.1",
          "resolved": "https://registry.npmjs.org/rimraf/-/rimraf-2.1.4.tgz",
          "dependencies": {
            "graceful-fs": {
              "version": "1.2.1",
              "from": "graceful-fs@~1.2.0",
              "resolved": "https://registry.npmjs.org/graceful-fs/-/graceful-fs-1.2.1.tgz"
            }
          }
        },
        "logga": {
          "version": "0.0.3",
          "from": "logga@>=0.0.2",
          "resolved": "https://registry.npmjs.org/logga/-/logga-0.0.3.tgz",
          "dependencies": {
            "colors": {
              "version": "0.6.0-1",
              "from": "colors@~0.6.0-1",
              "resolved": "https://registry.npmjs.org/colors/-/colors-0.6.0-1.tgz"
            }
          }
        }
      }
    }
  }
}
